// !$*UTF8*$!
{
	archiveVersion = 1;
	classes = {
	};
	objectVersion = 55;
	objects = {

/* Begin PBXBuildFile section */
		CC90C1EB275DD3F50017B290 /* AppDelegate.swift in Sources */ = {isa = PBXBuildFile; fileRef = CC90C1EA275DD3F50017B290 /* AppDelegate.swift */; };
		CC90C1ED275DD3F50017B290 /* SceneDelegate.swift in Sources */ = {isa = PBXBuildFile; fileRef = CC90C1EC275DD3F50017B290 /* SceneDelegate.swift */; };
		CC90C1EF275DD3F50017B290 /* ViewController.swift in Sources */ = {isa = PBXBuildFile; fileRef = CC90C1EE275DD3F50017B290 /* ViewController.swift */; };
		CC90C1F2275DD3F50017B290 /* Main.storyboard in Resources */ = {isa = PBXBuildFile; fileRef = CC90C1F0275DD3F50017B290 /* Main.storyboard */; };
		CC90C1F4275DD3F70017B290 /* Assets.xcassets in Resources */ = {isa = PBXBuildFile; fileRef = CC90C1F3275DD3F70017B290 /* Assets.xcassets */; };
		CC90C1F7275DD3F70017B290 /* LaunchScreen.storyboard in Resources */ = {isa = PBXBuildFile; fileRef = CC90C1F5275DD3F70017B290 /* LaunchScreen.storyboard */; };
		CC90C202275DD3F70017B290 /* BeastTableView_v2Tests.swift in Sources */ = {isa = PBXBuildFile; fileRef = CC90C201275DD3F70017B290 /* BeastTableView_v2Tests.swift */; };
		CC90C20C275DD3F70017B290 /* BeastTableView_v2UITests.swift in Sources */ = {isa = PBXBuildFile; fileRef = CC90C20B275DD3F70017B290 /* BeastTableView_v2UITests.swift */; };
		CC90C20E275DD3F70017B290 /* BeastTableView_v2UITestsLaunchTests.swift in Sources */ = {isa = PBXBuildFile; fileRef = CC90C20D275DD3F70017B290 /* BeastTableView_v2UITestsLaunchTests.swift */; };
/* End PBXBuildFile section */

/* Begin PBXContainerItemProxy section */
		CC90C1FE275DD3F70017B290 /* PBXContainerItemProxy */ = {
			isa = PBXContainerItemProxy;
			containerPortal = CC90C1DF275DD3F40017B290 /* Project object */;
			proxyType = 1;
			remoteGlobalIDString = CC90C1E6275DD3F50017B290;
			remoteInfo = BeastTableView_v2;
		};
		CC90C208275DD3F70017B290 /* PBXContainerItemProxy */ = {
			isa = PBXContainerItemProxy;
			containerPortal = CC90C1DF275DD3F40017B290 /* Project object */;
			proxyType = 1;
			remoteGlobalIDString = CC90C1E6275DD3F50017B290;
			remoteInfo = BeastTableView_v2;
		};
/* End PBXContainerItemProxy section */

/* Begin PBXFileReference section */
		CC90C1E7275DD3F50017B290 /* BeastTableView_v2.app */ = {isa = PBXFileReference; explicitFileType = wrapper.application; includeInIndex = 0; path = BeastTableView_v2.app; sourceTree = BUILT_PRODUCTS_DIR; };
		CC90C1EA275DD3F50017B290 /* AppDelegate.swift */ = {isa = PBXFileReference; lastKnownFileType = sourcecode.swift; path = AppDelegate.swift; sourceTree = "<group>"; };
		CC90C1EC275DD3F50017B290 /* SceneDelegate.swift */ = {isa = PBXFileReference; lastKnownFileType = sourcecode.swift; path = SceneDelegate.swift; sourceTree = "<group>"; };
		CC90C1EE275DD3F50017B290 /* ViewController.swift */ = {isa = PBXFileReference; lastKnownFileType = sourcecode.swift; path = ViewController.swift; sourceTree = "<group>"; };
		CC90C1F1275DD3F50017B290 /* Base */ = {isa = PBXFileReference; lastKnownFileType = file.storyboard; name = Base; path = Base.lproj/Main.storyboard; sourceTree = "<group>"; };
		CC90C1F3275DD3F70017B290 /* Assets.xcassets */ = {isa = PBXFileReference; lastKnownFileType = folder.assetcatalog; path = Assets.xcassets; sourceTree = "<group>"; };
		CC90C1F6275DD3F70017B290 /* Base */ = {isa = PBXFileReference; lastKnownFileType = file.storyboard; name = Base; path = Base.lproj/LaunchScreen.storyboard; sourceTree = "<group>"; };
		CC90C1F8275DD3F70017B290 /* Info.plist */ = {isa = PBXFileReference; lastKnownFileType = text.plist.xml; path = Info.plist; sourceTree = "<group>"; };
		CC90C1FD275DD3F70017B290 /* BeastTableView_v2Tests.xctest */ = {isa = PBXFileReference; explicitFileType = wrapper.cfbundle; includeInIndex = 0; path = BeastTableView_v2Tests.xctest; sourceTree = BUILT_PRODUCTS_DIR; };
		CC90C201275DD3F70017B290 /* BeastTableView_v2Tests.swift */ = {isa = PBXFileReference; lastKnownFileType = sourcecode.swift; path = BeastTableView_v2Tests.swift; sourceTree = "<group>"; };
		CC90C207275DD3F70017B290 /* BeastTableView_v2UITests.xctest */ = {isa = PBXFileReference; explicitFileType = wrapper.cfbundle; includeInIndex = 0; path = BeastTableView_v2UITests.xctest; sourceTree = BUILT_PRODUCTS_DIR; };
		CC90C20B275DD3F70017B290 /* BeastTableView_v2UITests.swift */ = {isa = PBXFileReference; lastKnownFileType = sourcecode.swift; path = BeastTableView_v2UITests.swift; sourceTree = "<group>"; };
		CC90C20D275DD3F70017B290 /* BeastTableView_v2UITestsLaunchTests.swift */ = {isa = PBXFileReference; lastKnownFileType = sourcecode.swift; path = BeastTableView_v2UITestsLaunchTests.swift; sourceTree = "<group>"; };
/* End PBXFileReference section */

/* Begin PBXFrameworksBuildPhase section */
		CC90C1E4275DD3F50017B290 /* Frameworks */ = {
			isa = PBXFrameworksBuildPhase;
			buildActionMask = 2147483647;
			files = (
			);
			runOnlyForDeploymentPostprocessing = 0;
		};
		CC90C1FA275DD3F70017B290 /* Frameworks */ = {
			isa = PBXFrameworksBuildPhase;
			buildActionMask = 2147483647;
			files = (
			);
			runOnlyForDeploymentPostprocessing = 0;
		};
		CC90C204275DD3F70017B290 /* Frameworks */ = {
			isa = PBXFrameworksBuildPhase;
			buildActionMask = 2147483647;
			files = (
			);
			runOnlyForDeploymentPostprocessing = 0;
		};
/* End PBXFrameworksBuildPhase section */

/* Begin PBXGroup section */
		CC90C1DE275DD3F40017B290 = {
			isa = PBXGroup;
			children = (
				CC90C1E9275DD3F50017B290 /* BeastTableView_v2 */,
				CC90C200275DD3F70017B290 /* BeastTableView_v2Tests */,
				CC90C20A275DD3F70017B290 /* BeastTableView_v2UITests */,
				CC90C1E8275DD3F50017B290 /* Products */,
			);
			sourceTree = "<group>";
		};
		CC90C1E8275DD3F50017B290 /* Products */ = {
			isa = PBXGroup;
			children = (
				CC90C1E7275DD3F50017B290 /* BeastTableView_v2.app */,
				CC90C1FD275DD3F70017B290 /* BeastTableView_v2Tests.xctest */,
				CC90C207275DD3F70017B290 /* BeastTableView_v2UITests.xctest */,
			);
			name = Products;
			sourceTree = "<group>";
		};
		CC90C1E9275DD3F50017B290 /* BeastTableView_v2 */ = {
			isa = PBXGroup;
			children = (
				CC90C1EA275DD3F50017B290 /* AppDelegate.swift */,
				CC90C1EC275DD3F50017B290 /* SceneDelegate.swift */,
				CC90C1EE275DD3F50017B290 /* ViewController.swift */,
				CC90C1F0275DD3F50017B290 /* Main.storyboard */,
				CC90C1F3275DD3F70017B290 /* Assets.xcassets */,
				CC90C1F5275DD3F70017B290 /* LaunchScreen.storyboard */,
				CC90C1F8275DD3F70017B290 /* Info.plist */,
			);
			path = BeastTableView_v2;
			sourceTree = "<group>";
		};
		CC90C200275DD3F70017B290 /* BeastTableView_v2Tests */ = {
			isa = PBXGroup;
			children = (
				CC90C201275DD3F70017B290 /* BeastTableView_v2Tests.swift */,
			);
			path = BeastTableView_v2Tests;
			sourceTree = "<group>";
		};
		CC90C20A275DD3F70017B290 /* BeastTableView_v2UITests */ = {
			isa = PBXGroup;
			children = (
				CC90C20B275DD3F70017B290 /* BeastTableView_v2UITests.swift */,
				CC90C20D275DD3F70017B290 /* BeastTableView_v2UITestsLaunchTests.swift */,
			);
			path = BeastTableView_v2UITests;
			sourceTree = "<group>";
		};
/* End PBXGroup section */

/* Begin PBXNativeTarget section */
		CC90C1E6275DD3F50017B290 /* BeastTableView_v2 */ = {
			isa = PBXNativeTarget;
			buildConfigurationList = CC90C211275DD3F70017B290 /* Build configuration list for PBXNativeTarget "BeastTableView_v2" */;
			buildPhases = (
				CC90C1E3275DD3F50017B290 /* Sources */,
				CC90C1E4275DD3F50017B290 /* Frameworks */,
				CC90C1E5275DD3F50017B290 /* Resources */,
			);
			buildRules = (
			);
			dependencies = (
			);
			name = BeastTableView_v2;
			productName = BeastTableView_v2;
			productReference = CC90C1E7275DD3F50017B290 /* BeastTableView_v2.app */;
			productType = "com.apple.product-type.application";
		};
		CC90C1FC275DD3F70017B290 /* BeastTableView_v2Tests */ = {
			isa = PBXNativeTarget;
			buildConfigurationList = CC90C214275DD3F70017B290 /* Build configuration list for PBXNativeTarget "BeastTableView_v2Tests" */;
			buildPhases = (
				CC90C1F9275DD3F70017B290 /* Sources */,
				CC90C1FA275DD3F70017B290 /* Frameworks */,
				CC90C1FB275DD3F70017B290 /* Resources */,
			);
			buildRules = (
			);
			dependencies = (
				CC90C1FF275DD3F70017B290 /* PBXTargetDependency */,
			);
			name = BeastTableView_v2Tests;
			productName = BeastTableView_v2Tests;
			productReference = CC90C1FD275DD3F70017B290 /* BeastTableView_v2Tests.xctest */;
			productType = "com.apple.product-type.bundle.unit-test";
		};
		CC90C206275DD3F70017B290 /* BeastTableView_v2UITests */ = {
			isa = PBXNativeTarget;
			buildConfigurationList = CC90C217275DD3F70017B290 /* Build configuration list for PBXNativeTarget "BeastTableView_v2UITests" */;
			buildPhases = (
				CC90C203275DD3F70017B290 /* Sources */,
				CC90C204275DD3F70017B290 /* Frameworks */,
				CC90C205275DD3F70017B290 /* Resources */,
			);
			buildRules = (
			);
			dependencies = (
				CC90C209275DD3F70017B290 /* PBXTargetDependency */,
			);
			name = BeastTableView_v2UITests;
			productName = BeastTableView_v2UITests;
			productReference = CC90C207275DD3F70017B290 /* BeastTableView_v2UITests.xctest */;
			productType = "com.apple.product-type.bundle.ui-testing";
		};
/* End PBXNativeTarget section */

/* Begin PBXProject section */
		CC90C1DF275DD3F40017B290 /* Project object */ = {
			isa = PBXProject;
			attributes = {
				BuildIndependentTargetsInParallel = 1;
				LastSwiftUpdateCheck = 1310;
				LastUpgradeCheck = 1310;
				TargetAttributes = {
					CC90C1E6275DD3F50017B290 = {
						CreatedOnToolsVersion = 13.1;
					};
					CC90C1FC275DD3F70017B290 = {
						CreatedOnToolsVersion = 13.1;
						TestTargetID = CC90C1E6275DD3F50017B290;
					};
					CC90C206275DD3F70017B290 = {
						CreatedOnToolsVersion = 13.1;
						TestTargetID = CC90C1E6275DD3F50017B290;
					};
				};
			};
			buildConfigurationList = CC90C1E2275DD3F40017B290 /* Build configuration list for PBXProject "BeastTableView_v2" */;
			compatibilityVersion = "Xcode 13.0";
			developmentRegion = en;
			hasScannedForEncodings = 0;
			knownRegions = (
				en,
				Base,
			);
			mainGroup = CC90C1DE275DD3F40017B290;
			productRefGroup = CC90C1E8275DD3F50017B290 /* Products */;
			projectDirPath = "";
			projectRoot = "";
			targets = (
				CC90C1E6275DD3F50017B290 /* BeastTableView_v2 */,
				CC90C1FC275DD3F70017B290 /* BeastTableView_v2Tests */,
				CC90C206275DD3F70017B290 /* BeastTableView_v2UITests */,
			);
		};
/* End PBXProject section */

/* Begin PBXResourcesBuildPhase section */
		CC90C1E5275DD3F50017B290 /* Resources */ = {
			isa = PBXResourcesBuildPhase;
			buildActionMask = 2147483647;
			files = (
				CC90C1F7275DD3F70017B290 /* LaunchScreen.storyboard in Resources */,
				CC90C1F4275DD3F70017B290 /* Assets.xcassets in Resources */,
				CC90C1F2275DD3F50017B290 /* Main.storyboard in Resources */,
			);
			runOnlyForDeploymentPostprocessing = 0;
		};
		CC90C1FB275DD3F70017B290 /* Resources */ = {
			isa = PBXResourcesBuildPhase;
			buildActionMask = 2147483647;
			files = (
			);
			runOnlyForDeploymentPostprocessing = 0;
		};
		CC90C205275DD3F70017B290 /* Resources */ = {
			isa = PBXResourcesBuildPhase;
			buildActionMask = 2147483647;
			files = (
			);
			runOnlyForDeploymentPostprocessing = 0;
		};
/* End PBXResourcesBuildPhase section */

/* Begin PBXSourcesBuildPhase section */
		CC90C1E3275DD3F50017B290 /* Sources */ = {
			isa = PBXSourcesBuildPhase;
			buildActionMask = 2147483647;
			files = (
				CC90C1EF275DD3F50017B290 /* ViewController.swift in Sources */,
				CC90C1EB275DD3F50017B290 /* AppDelegate.swift in Sources */,
				CC90C1ED275DD3F50017B290 /* SceneDelegate.swift in Sources */,
			);
			runOnlyForDeploymentPostprocessing = 0;
		};
		CC90C1F9275DD3F70017B290 /* Sources */ = {
			isa = PBXSourcesBuildPhase;
			buildActionMask = 2147483647;
			files = (
				CC90C202275DD3F70017B290 /* BeastTableView_v2Tests.swift in Sources */,
			);
			runOnlyForDeploymentPostprocessing = 0;
		};
		CC90C203275DD3F70017B290 /* Sources */ = {
			isa = PBXSourcesBuildPhase;
			buildActionMask = 2147483647;
			files = (
				CC90C20E275DD3F70017B290 /* BeastTableView_v2UITestsLaunchTests.swift in Sources */,
				CC90C20C275DD3F70017B290 /* BeastTableView_v2UITests.swift in Sources */,
			);
			runOnlyForDeploymentPostprocessing = 0;
		};
/* End PBXSourcesBuildPhase section */

/* Begin PBXTargetDependency section */
		CC90C1FF275DD3F70017B290 /* PBXTargetDependency */ = {
			isa = PBXTargetDependency;
			target = CC90C1E6275DD3F50017B290 /* BeastTableView_v2 */;
			targetProxy = CC90C1FE275DD3F70017B290 /* PBXContainerItemProxy */;
		};
		CC90C209275DD3F70017B290 /* PBXTargetDependency */ = {
			isa = PBXTargetDependency;
			target = CC90C1E6275DD3F50017B290 /* BeastTableView_v2 */;
			targetProxy = CC90C208275DD3F70017B290 /* PBXContainerItemProxy */;
		};
/* End PBXTargetDependency section */

/* Begin PBXVariantGroup section */
		CC90C1F0275DD3F50017B290 /* Main.storyboard */ = {
			isa = PBXVariantGroup;
			children = (
				CC90C1F1275DD3F50017B290 /* Base */,
			);
			name = Main.storyboard;
			sourceTree = "<group>";
		};
		CC90C1F5275DD3F70017B290 /* LaunchScreen.storyboard */ = {
			isa = PBXVariantGroup;
			children = (
				CC90C1F6275DD3F70017B290 /* Base */,
			);
			name = LaunchScreen.storyboard;
			sourceTree = "<group>";
		};
/* End PBXVariantGroup section */

/* Begin XCBuildConfiguration section */
		CC90C20F275DD3F70017B290 /* Debug */ = {
			isa = XCBuildConfiguration;
			buildSettings = {
				ALWAYS_SEARCH_USER_PATHS = NO;
				CLANG_ANALYZER_NONNULL = YES;
				CLANG_ANALYZER_NUMBER_OBJECT_CONVERSION = YES_AGGRESSIVE;
				CLANG_CXX_LANGUAGE_STANDARD = "gnu++17";
				CLANG_CXX_LIBRARY = "libc++";
				CLANG_ENABLE_MODULES = YES;
				CLANG_ENABLE_OBJC_ARC = YES;
				CLANG_ENABLE_OBJC_WEAK = YES;
				CLANG_WARN_BLOCK_CAPTURE_AUTORELEASING = YES;
				CLANG_WARN_BOOL_CONVERSION = YES;
				CLANG_WARN_COMMA = YES;
				CLANG_WARN_CONSTANT_CONVERSION = YES;
				CLANG_WARN_DEPRECATED_OBJC_IMPLEMENTATIONS = YES;
				CLANG_WARN_DIRECT_OBJC_ISA_USAGE = YES_ERROR;
				CLANG_WARN_DOCUMENTATION_COMMENTS = YES;
				CLANG_WARN_EMPTY_BODY = YES;
				CLANG_WARN_ENUM_CONVERSION = YES;
				CLANG_WARN_INFINITE_RECURSION = YES;
				CLANG_WARN_INT_CONVERSION = YES;
				CLANG_WARN_NON_LITERAL_NULL_CONVERSION = YES;
				CLANG_WARN_OBJC_IMPLICIT_RETAIN_SELF = YES;
				CLANG_WARN_OBJC_LITERAL_CONVERSION = YES;
				CLANG_WARN_OBJC_ROOT_CLASS = YES_ERROR;
				CLANG_WARN_QUOTED_INCLUDE_IN_FRAMEWORK_HEADER = YES;
				CLANG_WARN_RANGE_LOOP_ANALYSIS = YES;
				CLANG_WARN_STRICT_PROTOTYPES = YES;
				CLANG_WARN_SUSPICIOUS_MOVE = YES;
				CLANG_WARN_UNGUARDED_AVAILABILITY = YES_AGGRESSIVE;
				CLANG_WARN_UNREACHABLE_CODE = YES;
				CLANG_WARN__DUPLICATE_METHOD_MATCH = YES;
				COPY_PHASE_STRIP = NO;
				DEBUG_INFORMATION_FORMAT = dwarf;
				ENABLE_STRICT_OBJC_MSGSEND = YES;
				ENABLE_TESTABILITY = YES;
				GCC_C_LANGUAGE_STANDARD = gnu11;
				GCC_DYNAMIC_NO_PIC = NO;
				GCC_NO_COMMON_BLOCKS = YES;
				GCC_OPTIMIZATION_LEVEL = 0;
				GCC_PREPROCESSOR_DEFINITIONS = (
					"DEBUG=1",
					"$(inherited)",
				);
				GCC_WARN_64_TO_32_BIT_CONVERSION = YES;
				GCC_WARN_ABOUT_RETURN_TYPE = YES_ERROR;
				GCC_WARN_UNDECLARED_SELECTOR = YES;
				GCC_WARN_UNINITIALIZED_AUTOS = YES_AGGRESSIVE;
				GCC_WARN_UNUSED_FUNCTION = YES;
				GCC_WARN_UNUSED_VARIABLE = YES;
				IPHONEOS_DEPLOYMENT_TARGET = 15.0;
				MTL_ENABLE_DEBUG_INFO = INCLUDE_SOURCE;
				MTL_FAST_MATH = YES;
				ONLY_ACTIVE_ARCH = YES;
				SDKROOT = iphoneos;
				SWIFT_ACTIVE_COMPILATION_CONDITIONS = DEBUG;
				SWIFT_OPTIMIZATION_LEVEL = "-Onone";
			};
			name = Debug;
		};
		CC90C210275DD3F70017B290 /* Release */ = {
			isa = XCBuildConfiguration;
			buildSettings = {
				ALWAYS_SEARCH_USER_PATHS = NO;
				CLANG_ANALYZER_NONNULL = YES;
				CLANG_ANALYZER_NUMBER_OBJECT_CONVERSION = YES_AGGRESSIVE;
				CLANG_CXX_LANGUAGE_STANDARD = "gnu++17";
				CLANG_CXX_LIBRARY = "libc++";
				CLANG_ENABLE_MODULES = YES;
				CLANG_ENABLE_OBJC_ARC = YES;
				CLANG_ENABLE_OBJC_WEAK = YES;
				CLANG_WARN_BLOCK_CAPTURE_AUTORELEASING = YES;
				CLANG_WARN_BOOL_CONVERSION = YES;
				CLANG_WARN_COMMA = YES;
				CLANG_WARN_CONSTANT_CONVERSION = YES;
				CLANG_WARN_DEPRECATED_OBJC_IMPLEMENTATIONS = YES;
				CLANG_WARN_DIRECT_OBJC_ISA_USAGE = YES_ERROR;
				CLANG_WARN_DOCUMENTATION_COMMENTS = YES;
				CLANG_WARN_EMPTY_BODY = YES;
				CLANG_WARN_ENUM_CONVERSION = YES;
				CLANG_WARN_INFINITE_RECURSION = YES;
				CLANG_WARN_INT_CONVERSION = YES;
				CLANG_WARN_NON_LITERAL_NULL_CONVERSION = YES;
				CLANG_WARN_OBJC_IMPLICIT_RETAIN_SELF = YES;
				CLANG_WARN_OBJC_LITERAL_CONVERSION = YES;
				CLANG_WARN_OBJC_ROOT_CLASS = YES_ERROR;
				CLANG_WARN_QUOTED_INCLUDE_IN_FRAMEWORK_HEADER = YES;
				CLANG_WARN_RANGE_LOOP_ANALYSIS = YES;
				CLANG_WARN_STRICT_PROTOTYPES = YES;
				CLANG_WARN_SUSPICIOUS_MOVE = YES;
				CLANG_WARN_UNGUARDED_AVAILABILITY = YES_AGGRESSIVE;
				CLANG_WARN_UNREACHABLE_CODE = YES;
				CLANG_WARN__DUPLICATE_METHOD_MATCH = YES;
				COPY_PHASE_STRIP = NO;
				DEBUG_INFORMATION_FORMAT = "dwarf-with-dsym";
				ENABLE_NS_ASSERTIONS = NO;
				ENABLE_STRICT_OBJC_MSGSEND = YES;
				GCC_C_LANGUAGE_STANDARD = gnu11;
				GCC_NO_COMMON_BLOCKS = YES;
				GCC_WARN_64_TO_32_BIT_CONVERSION = YES;
				GCC_WARN_ABOUT_RETURN_TYPE = YES_ERROR;
				GCC_WARN_UNDECLARED_SELECTOR = YES;
				GCC_WARN_UNINITIALIZED_AUTOS = YES_AGGRESSIVE;
				GCC_WARN_UNUSED_FUNCTION = YES;
				GCC_WARN_UNUSED_VARIABLE = YES;
				IPHONEOS_DEPLOYMENT_TARGET = 15.0;
				MTL_ENABLE_DEBUG_INFO = NO;
				MTL_FAST_MATH = YES;
				SDKROOT = iphoneos;
				SWIFT_COMPILATION_MODE = wholemodule;
				SWIFT_OPTIMIZATION_LEVEL = "-O";
				VALIDATE_PRODUCT = YES;
			};
			name = Release;
		};
		CC90C212275DD3F70017B290 /* Debug */ = {
			isa = XCBuildConfiguration;
			buildSettings = {
				ASSETCATALOG_COMPILER_APPICON_NAME = AppIcon;
				ASSETCATALOG_COMPILER_GLOBAL_ACCENT_COLOR_NAME = AccentColor;
				CODE_SIGN_STYLE = Automatic;
				CURRENT_PROJECT_VERSION = 1;
				DEVELOPMENT_TEAM = YSX47LJT9G;
				GENERATE_INFOPLIST_FILE = YES;
				INFOPLIST_FILE = BeastTableView_v2/Info.plist;
				INFOPLIST_KEY_UIApplicationSupportsIndirectInputEvents = YES;
				INFOPLIST_KEY_UILaunchStoryboardName = LaunchScreen;
				INFOPLIST_KEY_UIMainStoryboardFile = Main;
				INFOPLIST_KEY_UISupportedInterfaceOrientations_iPad = "UIInterfaceOrientationPortrait UIInterfaceOrientationPortraitUpsideDown UIInterfaceOrientationLandscapeLeft UIInterfaceOrientationLandscapeRight";
				INFOPLIST_KEY_UISupportedInterfaceOrientations_iPhone = "UIInterfaceOrientationPortrait UIInterfaceOrientationLandscapeLeft UIInterfaceOrientationLandscapeRight";
				LD_RUNPATH_SEARCH_PATHS = (
					"$(inherited)",
					"@executable_path/Frameworks",
				);
				MARKETING_VERSION = 1.0;
				PRODUCT_BUNDLE_IDENTIFIER = "wishStar.BeastTableView-v2";
				PRODUCT_NAME = "$(TARGET_NAME)";
				SWIFT_EMIT_LOC_STRINGS = YES;
				SWIFT_VERSION = 5.0;
				TARGETED_DEVICE_FAMILY = "1,2";
			};
			name = Debug;
		};
		CC90C213275DD3F70017B290 /* Release */ = {
			isa = XCBuildConfiguration;
			buildSettings = {
				ASSETCATALOG_COMPILER_APPICON_NAME = AppIcon;
				ASSETCATALOG_COMPILER_GLOBAL_ACCENT_COLOR_NAME = AccentColor;
				CODE_SIGN_STYLE = Automatic;
				CURRENT_PROJECT_VERSION = 1;
				DEVELOPMENT_TEAM = YSX47LJT9G;
				GENERATE_INFOPLIST_FILE = YES;
				INFOPLIST_FILE = BeastTableView_v2/Info.plist;
				INFOPLIST_KEY_UIApplicationSupportsIndirectInputEvents = YES;
				INFOPLIST_KEY_UILaunchStoryboardName = LaunchScreen;
				INFOPLIST_KEY_UIMainStoryboardFile = Main;
				INFOPLIST_KEY_UISupportedInterfaceOrientations_iPad = "UIInterfaceOrientationPortrait UIInterfaceOrientationPortraitUpsideDown UIInterfaceOrientationLandscapeLeft UIInterfaceOrientationLandscapeRight";
				INFOPLIST_KEY_UISupportedInterfaceOrientations_iPhone = "UIInterfaceOrientationPortrait UIInterfaceOrientationLandscapeLeft UIInterfaceOrientationLandscapeRight";
				LD_RUNPATH_SEARCH_PATHS = (
					"$(inherited)",
					"@executable_path/Frameworks",
				);
				MARKETING_VERSION = 1.0;
				PRODUCT_BUNDLE_IDENTIFIER = "wishStar.BeastTableView-v2";
				PRODUCT_NAME = "$(TARGET_NAME)";
				SWIFT_EMIT_LOC_STRINGS = YES;
				SWIFT_VERSION = 5.0;
				TARGETED_DEVICE_FAMILY = "1,2";
			};
			name = Release;
		};
		CC90C215275DD3F70017B290 /* Debug */ = {
			isa = XCBuildConfiguration;
			buildSettings = {
				ALWAYS_EMBED_SWIFT_STANDARD_LIBRARIES = YES;
				BUNDLE_LOADER = "$(TEST_HOST)";
				CODE_SIGN_STYLE = Automatic;
				CURRENT_PROJECT_VERSION = 1;
				DEVELOPMENT_TEAM = YSX47LJT9G;
				GENERATE_INFOPLIST_FILE = YES;
				IPHONEOS_DEPLOYMENT_TARGET = 15.0;
				LD_RUNPATH_SEARCH_PATHS = (
					"$(inherited)",
					"@executable_path/Frameworks",
					"@loader_path/Frameworks",
				);
				MARKETING_VERSION = 1.0;
				PRODUCT_BUNDLE_IDENTIFIER = "wishStar.BeastTableView-v2Tests";
				PRODUCT_NAME = "$(TARGET_NAME)";
				SWIFT_EMIT_LOC_STRINGS = NO;
				SWIFT_VERSION = 5.0;
				TARGETED_DEVICE_FAMILY = "1,2";
				TEST_HOST = "$(BUILT_PRODUCTS_DIR)/BeastTableView_v2.app/BeastTableView_v2";
			};
			name = Debug;
		};
		CC90C216275DD3F70017B290 /* Release */ = {
			isa = XCBuildConfiguration;
			buildSettings = {
				ALWAYS_EMBED_SWIFT_STANDARD_LIBRARIES = YES;
				BUNDLE_LOADER = "$(TEST_HOST)";
				CODE_SIGN_STYLE = Automatic;
				CURRENT_PROJECT_VERSION = 1;
				DEVELOPMENT_TEAM = YSX47LJT9G;
				GENERATE_INFOPLIST_FILE = YES;
				IPHONEOS_DEPLOYMENT_TARGET = 15.0;
				LD_RUNPATH_SEARCH_PATHS = (
					"$(inherited)",
					"@executable_path/Frameworks",
					"@loader_path/Frameworks",
				);
				MARKETING_VERSION = 1.0;
				PRODUCT_BUNDLE_IDENTIFIER = "wishStar.BeastTableView-v2Tests";
				PRODUCT_NAME = "$(TARGET_NAME)";
				SWIFT_EMIT_LOC_STRINGS = NO;
				SWIFT_VERSION = 5.0;
				TARGETED_DEVICE_FAMILY = "1,2";
				TEST_HOST = "$(BUILT_PRODUCTS_DIR)/BeastTableView_v2.app/BeastTableView_v2";
			};
			name = Release;
		};
		CC90C218275DD3F70017B290 /* Debug */ = {
			isa = XCBuildConfiguration;
			buildSettings = {
				ALWAYS_EMBED_SWIFT_STANDARD_LIBRARIES = YES;
				CODE_SIGN_STYLE = Automatic;
				CURRENT_PROJECT_VERSION = 1;
				DEVELOPMENT_TEAM = YSX47LJT9G;
				GENERATE_INFOPLIST_FILE = YES;
				LD_RUNPATH_SEARCH_PATHS = (
					"$(inherited)",
					"@executable_path/Frameworks",
					"@loader_path/Frameworks",
				);
				MARKETING_VERSION = 1.0;
				PRODUCT_BUNDLE_IDENTIFIER = "wishStar.BeastTableView-v2UITests";
				PRODUCT_NAME = "$(TARGET_NAME)";
				SWIFT_EMIT_LOC_STRINGS = NO;
				SWIFT_VERSION = 5.0;
				TARGETED_DEVICE_FAMILY = "1,2";
				TEST_TARGET_NAME = BeastTableView_v2;
			};
			name = Debug;
		};
		CC90C219275DD3F70017B290 /* Release */ = {
			isa = XCBuildConfiguration;
			buildSettings = {
				ALWAYS_EMBED_SWIFT_STANDARD_LIBRARIES = YES;
				CODE_SIGN_STYLE = Automatic;
				CURRENT_PROJECT_VERSION = 1;
				DEVELOPMENT_TEAM = YSX47LJT9G;
				GENERATE_INFOPLIST_FILE = YES;
				LD_RUNPATH_SEARCH_PATHS = (
					"$(inherited)",
					"@executable_path/Frameworks",
					"@loader_path/Frameworks",
				);
				MARKETING_VERSION = 1.0;
				PRODUCT_BUNDLE_IDENTIFIER = "wishStar.BeastTableView-v2UITests";
				PRODUCT_NAME = "$(TARGET_NAME)";
				SWIFT_EMIT_LOC_STRINGS = NO;
				SWIFT_VERSION = 5.0;
				TARGETED_DEVICE_FAMILY = "1,2";
				TEST_TARGET_NAME = BeastTableView_v2;
			};
			name = Release;
		};
/* End XCBuildConfiguration section */

/* Begin XCConfigurationList section */
		CC90C1E2275DD3F40017B290 /* Build configuration list for PBXProject "BeastTableView_v2" */ = {
			isa = XCConfigurationList;
			buildConfigurations = (
				CC90C20F275DD3F70017B290 /* Debug */,
				CC90C210275DD3F70017B290 /* Release */,
			);
			defaultConfigurationIsVisible = 0;
			defaultConfigurationName = Release;
		};
		CC90C211275DD3F70017B290 /* Build configuration list for PBXNativeTarget "BeastTableView_v2" */ = {
			isa = XCConfigurationList;
			buildConfigurations = (
				CC90C212275DD3F70017B290 /* Debug */,
				CC90C213275DD3F70017B290 /* Release */,
			);
			defaultConfigurationIsVisible = 0;
			defaultConfigurationName = Release;
		};
		CC90C214275DD3F70017B290 /* Build configuration list for PBXNativeTarget "BeastTableView_v2Tests" */ = {
			isa = XCConfigurationList;
			buildConfigurations = (
				CC90C215275DD3F70017B290 /* Debug */,
				CC90C216275DD3F70017B290 /* Release */,
			);
			defaultConfigurationIsVisible = 0;
			defaultConfigurationName = Release;
		};
		CC90C217275DD3F70017B290 /* Build configuration list for PBXNativeTarget "BeastTableView_v2UITests" */ = {
			isa = XCConfigurationList;
			buildConfigurations = (
				CC90C218275DD3F70017B290 /* Debug */,
				CC90C219275DD3F70017B290 /* Release */,
			);
			defaultConfigurationIsVisible = 0;
			defaultConfigurationName = Release;
		};
/* End XCConfigurationList section */
	};
	rootObject = CC90C1DF275DD3F40017B290 /* Project object */;
}
